# THIS IS AN AUTOGENERATED FILE. DO NOT EDIT THIS FILE DIRECTLY.
# yarn lockfile v1


commander@^2.19.0:
  version "2.20.0"
  resolved "https://registry.yarnpkg.com/commander/-/commander-2.20.0.tgz#d58bb2b5c1ee8f87b0d340027e9e94e222c5a422"
  integrity sha512-7j2y+40w61zy6YC2iRNpUe/NwhNyoXrYpHMrSunaMG64nRnaf96zO/KMQR4OyN/UnE5KLyEBnKHd4aG3rskjpQ==

dotenv@^7.0.0:
  version "7.0.0"
  resolved "https://registry.yarnpkg.com/dotenv/-/dotenv-7.0.0.tgz#a2be3cd52736673206e8a85fb5210eea29628e7c"
  integrity sha512-M3NhsLbV1i6HuGzBUH8vXrtxOk+tWmzWKDMbAVSUp3Zsjm7ywFeuwrUXhmhQyRK1q5B5GGy7hcXPbj3bnfZg2g==

httpie@^1.1.1:
  version "1.1.1"
  resolved "https://registry.yarnpkg.com/httpie/-/httpie-1.1.1.tgz#e7af5c6cca43fac61a6f0ae7da6d3060e7cda555"
  integrity sha512-KYgUXOhxVPo5mYuFPqnKW14fP5goMGkLc9CRz0WD6b1TCED9nl9wzj4jqr+8LY+AhPJQ/LdCQLRfF2JrBEja5Q==

lodash.castarray@^4.4.0:
  version "4.4.0"
  resolved "https://registry.yarnpkg.com/lodash.castarray/-/lodash.castarray-4.4.0.tgz#c02513515e309daddd4c24c60cfddcf5976d9115"
  integrity sha1-wCUTUV4wna3dTCTGDP3c9ZdtkRU=

lodash.defaultto@^4.14.0:
  version "4.14.0"
  resolved "https://registry.yarnpkg.com/lodash.defaultto/-/lodash.defaultto-4.14.0.tgz#38bd3d425acee733e0e2bbbd4e4b29711cc2ee11"
  integrity sha1-OL09QlrO5zPg4ru9TkspcRzC7hE=

lodash.groupby@^4.6.0:
  version "4.6.0"
  resolved "https://registry.yarnpkg.com/lodash.groupby/-/lodash.groupby-4.6.0.tgz#0b08a1dcf68397c397855c3239783832df7403d1"
  integrity sha1-Cwih3PaDl8OXhVwyOXg4Mt90A9E=

lodash.isequal@^4.5.0:
  version "4.5.0"
  resolved "https://registry.yarnpkg.com/lodash.isequal/-/lodash.isequal-4.5.0.tgz#415c4478f2bcc30120c22ce10ed3226f7d3e18e0"
  integrity sha1-QVxEePK8wwEgwizhDtMib30+GOA=

loglevel@^1.6.1:
  version "1.6.1"
  resolved "https://registry.yarnpkg.com/loglevel/-/loglevel-1.6.1.tgz#e0fc95133b6ef276cdc8887cdaf24aa6f156f8fa"
  integrity sha1-4PyVEztu8nbNyIh82vJKpvFW+Po=

tplink-smarthome-api@^1.2.0:
  version "1.2.0"
  resolved "https://registry.yarnpkg.com/tplink-smarthome-api/-/tplink-smarthome-api-1.2.0.tgz#fffe2badbd346236c4f048ff068cdc10d8fcc893"
  integrity sha512-OcZsT+fLqlydSTFc/5WHfBmpDstlS4uXEVpj4/TyVZf9L0z4hy1r2E5eTl/nBvriKxUQ6efAu+BlxWZcJO3xzA==
  dependencies:
    commander "^2.19.0"
    lodash.castarray "^4.4.0"
    lodash.defaultto "^4.14.0"
    lodash.groupby "^4.6.0"
    lodash.isequal "^4.5.0"
    loglevel "^1.6.1"
    tplink-smarthome-crypto "^1.0.0"

tplink-smarthome-crypto@^1.0.0:
  version "1.0.0"
  resolved "https://registry.yarnpkg.com/tplink-smarthome-crypto/-/tplink-smarthome-crypto-1.0.0.tgz#8bfe8036ce4310d81b626e72fef12059f5182ded"
  integrity sha512-ZHtQscQ6psEGDVnN5C8OtNgVK/L4H5l5GoFTA2L0qn2UtjcHbGn2aA3caxvrpRUvPiYd7yBXsQKoywv9XxKDhA==
